%{
  "ecron": {:hex, :ecron, "0.5.1", "08a1e05486da327f9277e8c512ad0f7f7a5cc231b52f1c870cee90de319dbb9b", [:rebar3], [{:telemetry, "~>0.4.0", [hex: :telemetry, repo: "hexpm", optional: false]}], "hexpm"},
  "telemetry": {:hex, :telemetry, "0.4.0", "8339bee3fa8b91cb84d14c2935f8ecf399ccd87301ad6da6b71c09553834b2ab", [:rebar3], [], "hexpm"},
}
